
Microsoft Visual Studio Solution File, Format Version 12.00
# Visual Studio Version 16
VisualStudioVersion = 16.0.30503.244
MinimumVisualStudioVersion = 10.0.40219.1
Project("{FAE04EC0-301F-11D3-BF4B-00C04F79EFBC}") = "test6", "test6\test6.csproj", "{92BD53EC-F90F-414F-9D16-B6C45B0A4CA6}"
EndProject
Global
	GlobalSection(SolutionConfigurationPlatforms) = preSolution
		Debug|Any CPU = Debug|Any CPU
		Release|Any CPU = Release|Any CPU
	EndGlobalSection
	GlobalSection(ProjectConfigurationPlatforms) = postSolution
		{92BD53EC-F90F-414F-9D16-B6C45B0A4CA6}.Debug|Any CPU.ActiveCfg = Debug|Any CPU
		{92BD53EC-F90F-414F-9D16-B6C45B0A4CA6}.Debug|Any CPU.Build.0 = Debug|Any CPU
		{92BD53EC-F90F-414F-9D16-B6C45B0A4CA6}.Release|Any CPU.ActiveCfg = Release|Any CPU
		{92BD53EC-F90F-414F-9D16-B6C45B0A4CA6}.Release|Any CPU.Build.0 = Release|Any CPU
	EndGlobalSection
	GlobalSection(SolutionProperties) = preSolution
		HideSolutionNode = FALSE
	EndGlobalSection
	GlobalSection(ExtensibilityGlobals) = postSolution
		SolutionGuid = {5AA4EACF-B810-4343-9EE1-E365DA9F1D90}
	EndGlobalSection
EndGlobal
